# This file is automatically @generated by Cargo.
# It is not intended for manual editing.
version = 4

[[package]]
name = "pwm-air"
version = "0.1.0"
dependencies = [
 "pwm-circuits",
 "pwm-core",
]

[[package]]
name = "pwm-circuits"
version = "0.1.0"
dependencies = [
 "pwm-core",
]

[[package]]
name = "pwm-core"
version = "0.1.0"

[[package]]
name = "pwm-export"
version = "0.1.0"
dependencies = [
 "pwm-core",
]

[[package]]
name = "pwm-prover"
version = "0.1.0"
dependencies = [
 "pwm-air",
 "pwm-circuits",
 "pwm-core",
 "pwm-export",
]

[[package]]
name = "pwm-verifier"
version = "0.1.0"
dependencies = [
 "pwm-air",
 "pwm-circuits",
 "pwm-core",
]
